
Microsoft Visual Studio Solution File, Format Version 12.00
# Visual Studio Version 17
VisualStudioVersion = 17.9.34607.119
MinimumVisualStudioVersion = 10.0.40219.1
Project("{FAE04EC0-301F-11D3-BF4B-00C04F79EFBC}") = "Poe_part_2", "Poe_part_2.csproj", "{9F8529A5-1BF8-4F80-B0AF-6DFA9B8C4321}"
EndProject
Project("{FAE04EC0-301F-11D3-BF4B-00C04F79EFBC}") = "TestProject1", "..\TestProject1\TestProject1.csproj", "{98E2F3F1-00B8-4934-A09A-B15CF69CBF49}"
EndProject
Global
	GlobalSection(SolutionConfigurationPlatforms) = preSolution
		Debug|Any CPU = Debug|Any CPU
		Release|Any CPU = Release|Any CPU
	EndGlobalSection
	GlobalSection(ProjectConfigurationPlatforms) = postSolution
		{9F8529A5-1BF8-4F80-B0AF-6DFA9B8C4321}.Debug|Any CPU.ActiveCfg = Debug|Any CPU
		{9F8529A5-1BF8-4F80-B0AF-6DFA9B8C4321}.Debug|Any CPU.Build.0 = Debug|Any CPU
		{9F8529A5-1BF8-4F80-B0AF-6DFA9B8C4321}.Release|Any CPU.ActiveCfg = Release|Any CPU
		{9F8529A5-1BF8-4F80-B0AF-6DFA9B8C4321}.Release|Any CPU.Build.0 = Release|Any CPU
		{98E2F3F1-00B8-4934-A09A-B15CF69CBF49}.Debug|Any CPU.ActiveCfg = Debug|Any CPU
		{98E2F3F1-00B8-4934-A09A-B15CF69CBF49}.Debug|Any CPU.Build.0 = Debug|Any CPU
		{98E2F3F1-00B8-4934-A09A-B15CF69CBF49}.Release|Any CPU.ActiveCfg = Release|Any CPU
		{98E2F3F1-00B8-4934-A09A-B15CF69CBF49}.Release|Any CPU.Build.0 = Release|Any CPU
	EndGlobalSection
	GlobalSection(SolutionProperties) = preSolution
		HideSolutionNode = FALSE
	EndGlobalSection
	GlobalSection(ExtensibilityGlobals) = postSolution
		SolutionGuid = {E5847FD8-0907-4B20-9715-63E37B244241}
	EndGlobalSection
EndGlobal
